
Microsoft Visual Studio Solution File, Format Version 11.00
# Visual Studio 2010
Project("{FAE04EC0-301F-11D3-BF4B-00C04F79EFBC}") = "Bezier Toolkit", "Assembly-CSharp.csproj", "{4C1B335C-1CFF-6E79-7361-BAB50D0E156C}"
EndProject
Project("{FAE04EC0-301F-11D3-BF4B-00C04F79EFBC}") = "Bezier Toolkit", "Assembly-CSharp-Editor.csproj", "{D235BD5E-3C39-0D26-2017-2774FBBD80C0}"
EndProject
Global
	GlobalSection(SolutionConfigurationPlatforms) = preSolution
		Debug|Any CPU = Debug|Any CPU
		Release|Any CPU = Release|Any CPU
	EndGlobalSection
	GlobalSection(ProjectConfigurationPlatforms) = postSolution
		{4C1B335C-1CFF-6E79-7361-BAB50D0E156C}.Debug|Any CPU.ActiveCfg = Debug|Any CPU
		{4C1B335C-1CFF-6E79-7361-BAB50D0E156C}.Debug|Any CPU.Build.0 = Debug|Any CPU
		{4C1B335C-1CFF-6E79-7361-BAB50D0E156C}.Release|Any CPU.ActiveCfg = Release|Any CPU
		{4C1B335C-1CFF-6E79-7361-BAB50D0E156C}.Release|Any CPU.Build.0 = Release|Any CPU
		{D235BD5E-3C39-0D26-2017-2774FBBD80C0}.Debug|Any CPU.ActiveCfg = Debug|Any CPU
		{D235BD5E-3C39-0D26-2017-2774FBBD80C0}.Debug|Any CPU.Build.0 = Debug|Any CPU
		{D235BD5E-3C39-0D26-2017-2774FBBD80C0}.Release|Any CPU.ActiveCfg = Release|Any CPU
		{D235BD5E-3C39-0D26-2017-2774FBBD80C0}.Release|Any CPU.Build.0 = Release|Any CPU
	EndGlobalSection
	GlobalSection(SolutionProperties) = preSolution
		HideSolutionNode = FALSE
	EndGlobalSection
	GlobalSection(MonoDevelopProperties) = preSolution
		StartupItem = Assembly-CSharp.csproj
	EndGlobalSection
EndGlobal
